
Microsoft Visual Studio Solution File, Format Version 12.00
# Visual Studio Version 17
VisualStudioVersion = 17.4.33205.214
MinimumVisualStudioVersion = 10.0.40219.1
Project("{FAE04EC0-301F-11D3-BF4B-00C04F79EFBC}") = "EmployeeWageComputation248", "EmployeeWageComputation248\EmployeeWageComputation248.csproj", "{17A277BA-3F3C-4220-A751-928E5B686FDA}"
EndProject
Global
	GlobalSection(SolutionConfigurationPlatforms) = preSolution
		Debug|Any CPU = Debug|Any CPU
		Release|Any CPU = Release|Any CPU
	EndGlobalSection
	GlobalSection(ProjectConfigurationPlatforms) = postSolution
		{17A277BA-3F3C-4220-A751-928E5B686FDA}.Debug|Any CPU.ActiveCfg = Debug|Any CPU
		{17A277BA-3F3C-4220-A751-928E5B686FDA}.Debug|Any CPU.Build.0 = Debug|Any CPU
		{17A277BA-3F3C-4220-A751-928E5B686FDA}.Release|Any CPU.ActiveCfg = Release|Any CPU
		{17A277BA-3F3C-4220-A751-928E5B686FDA}.Release|Any CPU.Build.0 = Release|Any CPU
	EndGlobalSection
	GlobalSection(SolutionProperties) = preSolution
		HideSolutionNode = FALSE
	EndGlobalSection
	GlobalSection(ExtensibilityGlobals) = postSolution
		SolutionGuid = {8A6E5904-D158-4B79-99D8-AE49F687B828}
	EndGlobalSection
EndGlobal
